// !$*UTF8*$!
{
	archiveVersion = 1;
	classes = {
	};
	objectVersion = 46;
	objects = {

/* Begin PBXBuildFile section */
		28649BED42E1DB68670210A2 /* Pods_instagramTests.framework in Frameworks */ = {isa = PBXBuildFile; fileRef = 565E5C1219F3A974881ED126 /* Pods_instagramTests.framework */; };
		547155D1C029B347BE5FECF9 /* Pods_instagramUITests.framework in Frameworks */ = {isa = PBXBuildFile; fileRef = 833671F76650C17CCEB819EE /* Pods_instagramUITests.framework */; };
		AB0E3EBB1F0305EA00E6601B /* AppDelegate.swift in Sources */ = {isa = PBXBuildFile; fileRef = AB0E3EBA1F0305EA00E6601B /* AppDelegate.swift */; };
		AB0E3EBD1F0305EA00E6601B /* ViewController.swift in Sources */ = {isa = PBXBuildFile; fileRef = AB0E3EBC1F0305EA00E6601B /* ViewController.swift */; };
		AB0E3EC01F0305EA00E6601B /* Main.storyboard in Resources */ = {isa = PBXBuildFile; fileRef = AB0E3EBE1F0305EA00E6601B /* Main.storyboard */; };
		AB0E3EC21F0305EA00E6601B /* Assets.xcassets in Resources */ = {isa = PBXBuildFile; fileRef = AB0E3EC11F0305EA00E6601B /* Assets.xcassets */; };
		AB0E3EC51F0305EA00E6601B /* LaunchScreen.storyboard in Resources */ = {isa = PBXBuildFile; fileRef = AB0E3EC31F0305EA00E6601B /* LaunchScreen.storyboard */; };
		AB0E3ED01F0305EA00E6601B /* instagramTests.swift in Sources */ = {isa = PBXBuildFile; fileRef = AB0E3ECF1F0305EA00E6601B /* instagramTests.swift */; };
		AB0E3EDB1F0305EA00E6601B /* instagramUITests.swift in Sources */ = {isa = PBXBuildFile; fileRef = AB0E3EDA1F0305EA00E6601B /* instagramUITests.swift */; };
		AB0E3EE91F03096900E6601B /* LoginViewController.swift in Sources */ = {isa = PBXBuildFile; fileRef = AB0E3EE81F03096900E6601B /* LoginViewController.swift */; };
		AB0E3EEC1F03190C00E6601B /* FeedViewController.swift in Sources */ = {isa = PBXBuildFile; fileRef = AB0E3EEB1F03190C00E6601B /* FeedViewController.swift */; };
		AB0E3EEE1F032D0100E6601B /* Post.swift in Sources */ = {isa = PBXBuildFile; fileRef = AB0E3EED1F032D0100E6601B /* Post.swift */; };
		AB0E3EF01F032EBC00E6601B /* NewPostViewController.swift in Sources */ = {isa = PBXBuildFile; fileRef = AB0E3EEF1F032EBC00E6601B /* NewPostViewController.swift */; };
		AB66098F1F05791E0025818D /* DetailViewController.swift in Sources */ = {isa = PBXBuildFile; fileRef = AB66098E1F05791E0025818D /* DetailViewController.swift */; };
		ABB91FAA1F05D8AC00B0A916 /* ProfileViewController.swift in Sources */ = {isa = PBXBuildFile; fileRef = ABB91FA91F05D8AC00B0A916 /* ProfileViewController.swift */; };
		ABB91FAE1F061D2E00B0A916 /* profileCell.swift in Sources */ = {isa = PBXBuildFile; fileRef = ABB91FAD1F061D2E00B0A916 /* profileCell.swift */; };
		ABFC5B251F045CAF00E8B1EA /* InstaCell.swift in Sources */ = {isa = PBXBuildFile; fileRef = ABFC5B241F045CAF00E8B1EA /* InstaCell.swift */; };
		B66627364D8504CAAACA6E6E /* Pods_instagram.framework in Frameworks */ = {isa = PBXBuildFile; fileRef = DE8E59F5A0858F4D222B83B7 /* Pods_instagram.framework */; };
/* End PBXBuildFile section */

/* Begin PBXContainerItemProxy section */
		AB0E3ECC1F0305EA00E6601B /* PBXContainerItemProxy */ = {
			isa = PBXContainerItemProxy;
			containerPortal = AB0E3EAF1F0305EA00E6601B /* Project object */;
			proxyType = 1;
			remoteGlobalIDString = AB0E3EB61F0305EA00E6601B;
			remoteInfo = instagram;
		};
		AB0E3ED71F0305EA00E6601B /* PBXContainerItemProxy */ = {
			isa = PBXContainerItemProxy;
			containerPortal = AB0E3EAF1F0305EA00E6601B /* Project object */;
			proxyType = 1;
			remoteGlobalIDString = AB0E3EB61F0305EA00E6601B;
			remoteInfo = instagram;
		};
/* End PBXContainerItemProxy section */

/* Begin PBXFileReference section */
		05D5BD569FC294B5E05A96FA /* Pods-instagramUITests.release.xcconfig */ = {isa = PBXFileReference; includeInIndex = 1; lastKnownFileType = text.xcconfig; name = "Pods-instagramUITests.release.xcconfig"; path = "Pods/Target Support Files/Pods-instagramUITests/Pods-instagramUITests.release.xcconfig"; sourceTree = "<group>"; };
		1BA4F7DE9C0BAFE95D02DED4 /* Pods-instagram.debug.xcconfig */ = {isa = PBXFileReference; includeInIndex = 1; lastKnownFileType = text.xcconfig; name = "Pods-instagram.debug.xcconfig"; path = "Pods/Target Support Files/Pods-instagram/Pods-instagram.debug.xcconfig"; sourceTree = "<group>"; };
		565E5C1219F3A974881ED126 /* Pods_instagramTests.framework */ = {isa = PBXFileReference; explicitFileType = wrapper.framework; includeInIndex = 0; path = Pods_instagramTests.framework; sourceTree = BUILT_PRODUCTS_DIR; };
		586AEBCEC831C653F4D52E6C /* Pods-instagramUITests.debug.xcconfig */ = {isa = PBXFileReference; includeInIndex = 1; lastKnownFileType = text.xcconfig; name = "Pods-instagramUITests.debug.xcconfig"; path = "Pods/Target Support Files/Pods-instagramUITests/Pods-instagramUITests.debug.xcconfig"; sourceTree = "<group>"; };
		77742A22C74B77CEA6677DC3 /* Pods-instagram.release.xcconfig */ = {isa = PBXFileReference; includeInIndex = 1; lastKnownFileType = text.xcconfig; name = "Pods-instagram.release.xcconfig"; path = "Pods/Target Support Files/Pods-instagram/Pods-instagram.release.xcconfig"; sourceTree = "<group>"; };
		833671F76650C17CCEB819EE /* Pods_instagramUITests.framework */ = {isa = PBXFileReference; explicitFileType = wrapper.framework; includeInIndex = 0; path = Pods_instagramUITests.framework; sourceTree = BUILT_PRODUCTS_DIR; };
		A0CBF7ECA9FE1469F476E116 /* Pods-instagramTests.debug.xcconfig */ = {isa = PBXFileReference; includeInIndex = 1; lastKnownFileType = text.xcconfig; name = "Pods-instagramTests.debug.xcconfig"; path = "Pods/Target Support Files/Pods-instagramTests/Pods-instagramTests.debug.xcconfig"; sourceTree = "<group>"; };
		AB0E3EB71F0305EA00E6601B /* instagram.app */ = {isa = PBXFileReference; explicitFileType = wrapper.application; includeInIndex = 0; path = instagram.app; sourceTree = BUILT_PRODUCTS_DIR; };
		AB0E3EBA1F0305EA00E6601B /* AppDelegate.swift */ = {isa = PBXFileReference; lastKnownFileType = sourcecode.swift; path = AppDelegate.swift; sourceTree = "<group>"; };
		AB0E3EBC1F0305EA00E6601B /* ViewController.swift */ = {isa = PBXFileReference; lastKnownFileType = sourcecode.swift; path = ViewController.swift; sourceTree = "<group>"; };
		AB0E3EBF1F0305EA00E6601B /* Base */ = {isa = PBXFileReference; lastKnownFileType = file.storyboard; name = Base; path = Base.lproj/Main.storyboard; sourceTree = "<group>"; };
		AB0E3EC11F0305EA00E6601B /* Assets.xcassets */ = {isa = PBXFileReference; lastKnownFileType = folder.assetcatalog; path = Assets.xcassets; sourceTree = "<group>"; };
		AB0E3EC41F0305EA00E6601B /* Base */ = {isa = PBXFileReference; lastKnownFileType = file.storyboard; name = Base; path = Base.lproj/LaunchScreen.storyboard; sourceTree = "<group>"; };
		AB0E3EC61F0305EA00E6601B /* Info.plist */ = {isa = PBXFileReference; lastKnownFileType = text.plist.xml; path = Info.plist; sourceTree = "<group>"; };
		AB0E3ECB1F0305EA00E6601B /* instagramTests.xctest */ = {isa = PBXFileReference; explicitFileType = wrapper.cfbundle; includeInIndex = 0; path = instagramTests.xctest; sourceTree = BUILT_PRODUCTS_DIR; };
		AB0E3ECF1F0305EA00E6601B /* instagramTests.swift */ = {isa = PBXFileReference; lastKnownFileType = sourcecode.swift; path = instagramTests.swift; sourceTree = "<group>"; };
		AB0E3ED11F0305EA00E6601B /* Info.plist */ = {isa = PBXFileReference; lastKnownFileType = text.plist.xml; path = Info.plist; sourceTree = "<group>"; };
		AB0E3ED61F0305EA00E6601B /* instagramUITests.xctest */ = {isa = PBXFileReference; explicitFileType = wrapper.cfbundle; includeInIndex = 0; path = instagramUITests.xctest; sourceTree = BUILT_PRODUCTS_DIR; };
		AB0E3EDA1F0305EA00E6601B /* instagramUITests.swift */ = {isa = PBXFileReference; lastKnownFileType = sourcecode.swift; path = instagramUITests.swift; sourceTree = "<group>"; };
		AB0E3EDC1F0305EA00E6601B /* Info.plist */ = {isa = PBXFileReference; lastKnownFileType = text.plist.xml; path = Info.plist; sourceTree = "<group>"; };
		AB0E3EE81F03096900E6601B /* LoginViewController.swift */ = {isa = PBXFileReference; fileEncoding = 4; lastKnownFileType = sourcecode.swift; path = LoginViewController.swift; sourceTree = "<group>"; };
		AB0E3EEB1F03190C00E6601B /* FeedViewController.swift */ = {isa = PBXFileReference; fileEncoding = 4; lastKnownFileType = sourcecode.swift; path = FeedViewController.swift; sourceTree = "<group>"; };
		AB0E3EED1F032D0100E6601B /* Post.swift */ = {isa = PBXFileReference; fileEncoding = 4; lastKnownFileType = sourcecode.swift; path = Post.swift; sourceTree = "<group>"; };
		AB0E3EEF1F032EBC00E6601B /* NewPostViewController.swift */ = {isa = PBXFileReference; fileEncoding = 4; lastKnownFileType = sourcecode.swift; path = NewPostViewController.swift; sourceTree = "<group>"; };
		AB66098E1F05791E0025818D /* DetailViewController.swift */ = {isa = PBXFileReference; fileEncoding = 4; lastKnownFileType = sourcecode.swift; path = DetailViewController.swift; sourceTree = "<group>"; };
		ABB91FA91F05D8AC00B0A916 /* ProfileViewController.swift */ = {isa = PBXFileReference; fileEncoding = 4; lastKnownFileType = sourcecode.swift; path = ProfileViewController.swift; sourceTree = "<group>"; };
		ABB91FAD1F061D2E00B0A916 /* profileCell.swift */ = {isa = PBXFileReference; fileEncoding = 4; lastKnownFileType = sourcecode.swift; path = profileCell.swift; sourceTree = "<group>"; };
		ABFC5B241F045CAF00E8B1EA /* InstaCell.swift */ = {isa = PBXFileReference; fileEncoding = 4; lastKnownFileType = sourcecode.swift; path = InstaCell.swift; sourceTree = "<group>"; };
		DB8966715B41F1DFCF346D5D /* Pods-instagramTests.release.xcconfig */ = {isa = PBXFileReference; includeInIndex = 1; lastKnownFileType = text.xcconfig; name = "Pods-instagramTests.release.xcconfig"; path = "Pods/Target Support Files/Pods-instagramTests/Pods-instagramTests.release.xcconfig"; sourceTree = "<group>"; };
		DE8E59F5A0858F4D222B83B7 /* Pods_instagram.framework */ = {isa = PBXFileReference; explicitFileType = wrapper.framework; includeInIndex = 0; path = Pods_instagram.framework; sourceTree = BUILT_PRODUCTS_DIR; };
/* End PBXFileReference section */

/* Begin PBXFrameworksBuildPhase section */
		AB0E3EB41F0305EA00E6601B /* Frameworks */ = {
			isa = PBXFrameworksBuildPhase;
			buildActionMask = 2147483647;
			files = (
				B66627364D8504CAAACA6E6E /* Pods_instagram.framework in Frameworks */,
			);
			runOnlyForDeploymentPostprocessing = 0;
		};
		AB0E3EC81F0305EA00E6601B /* Frameworks */ = {
			isa = PBXFrameworksBuildPhase;
			buildActionMask = 2147483647;
			files = (
				28649BED42E1DB68670210A2 /* Pods_instagramTests.framework in Frameworks */,
			);
			runOnlyForDeploymentPostprocessing = 0;
		};
		AB0E3ED31F0305EA00E6601B /* Frameworks */ = {
			isa = PBXFrameworksBuildPhase;
			buildActionMask = 2147483647;
			files = (
				547155D1C029B347BE5FECF9 /* Pods_instagramUITests.framework in Frameworks */,
			);
			runOnlyForDeploymentPostprocessing = 0;
		};
/* End PBXFrameworksBuildPhase section */

/* Begin PBXGroup section */
		5F5B6F880BDCE6E433F17044 /* Pods */ = {
			isa = PBXGroup;
			children = (
				1BA4F7DE9C0BAFE95D02DED4 /* Pods-instagram.debug.xcconfig */,
				77742A22C74B77CEA6677DC3 /* Pods-instagram.release.xcconfig */,
				A0CBF7ECA9FE1469F476E116 /* Pods-instagramTests.debug.xcconfig */,
				DB8966715B41F1DFCF346D5D /* Pods-instagramTests.release.xcconfig */,
				586AEBCEC831C653F4D52E6C /* Pods-instagramUITests.debug.xcconfig */,
				05D5BD569FC294B5E05A96FA /* Pods-instagramUITests.release.xcconfig */,
			);
			name = Pods;
			sourceTree = "<group>";
		};
		AB0E3EAE1F0305EA00E6601B = {
			isa = PBXGroup;
			children = (
				AB0E3EB91F0305EA00E6601B /* instagram */,
				AB0E3ECE1F0305EA00E6601B /* instagramTests */,
				AB0E3ED91F0305EA00E6601B /* instagramUITests */,
				AB0E3EB81F0305EA00E6601B /* Products */,
				5F5B6F880BDCE6E433F17044 /* Pods */,
				D986CBF0925366B4DD0492FB /* Frameworks */,
			);
			sourceTree = "<group>";
		};
		AB0E3EB81F0305EA00E6601B /* Products */ = {
			isa = PBXGroup;
			children = (
				AB0E3EB71F0305EA00E6601B /* instagram.app */,
				AB0E3ECB1F0305EA00E6601B /* instagramTests.xctest */,
				AB0E3ED61F0305EA00E6601B /* instagramUITests.xctest */,
			);
			name = Products;
			sourceTree = "<group>";
		};
		AB0E3EB91F0305EA00E6601B /* instagram */ = {
			isa = PBXGroup;
			children = (
				AB0E3EBA1F0305EA00E6601B /* AppDelegate.swift */,
				AB0E3EEA1F0318EC00E6601B /* View Controllers */,
				AB0E3EC11F0305EA00E6601B /* Assets.xcassets */,
				AB0E3EBE1F0305EA00E6601B /* Main.storyboard */,
				AB0E3EC31F0305EA00E6601B /* LaunchScreen.storyboard */,
				AB0E3EC61F0305EA00E6601B /* Info.plist */,
				AB0E3EED1F032D0100E6601B /* Post.swift */,
				ABFC5B241F045CAF00E8B1EA /* InstaCell.swift */,
				ABB91FAD1F061D2E00B0A916 /* profileCell.swift */,
			);
			path = instagram;
			sourceTree = "<group>";
		};
		AB0E3ECE1F0305EA00E6601B /* instagramTests */ = {
			isa = PBXGroup;
			children = (
				AB0E3ECF1F0305EA00E6601B /* instagramTests.swift */,
				AB0E3ED11F0305EA00E6601B /* Info.plist */,
			);
			path = instagramTests;
			sourceTree = "<group>";
		};
		AB0E3ED91F0305EA00E6601B /* instagramUITests */ = {
			isa = PBXGroup;
			children = (
				AB0E3EDA1F0305EA00E6601B /* instagramUITests.swift */,
				AB0E3EDC1F0305EA00E6601B /* Info.plist */,
			);
			path = instagramUITests;
			sourceTree = "<group>";
		};
		AB0E3EEA1F0318EC00E6601B /* View Controllers */ = {
			isa = PBXGroup;
			children = (
				AB0E3EEF1F032EBC00E6601B /* NewPostViewController.swift */,
				AB0E3EE81F03096900E6601B /* LoginViewController.swift */,
				AB0E3EBC1F0305EA00E6601B /* ViewController.swift */,
				AB0E3EEB1F03190C00E6601B /* FeedViewController.swift */,
				AB66098E1F05791E0025818D /* DetailViewController.swift */,
				ABB91FA91F05D8AC00B0A916 /* ProfileViewController.swift */,
			);
			name = "View Controllers";
			sourceTree = "<group>";
		};
		D986CBF0925366B4DD0492FB /* Frameworks */ = {
			isa = PBXGroup;
			children = (
				DE8E59F5A0858F4D222B83B7 /* Pods_instagram.framework */,
				565E5C1219F3A974881ED126 /* Pods_instagramTests.framework */,
				833671F76650C17CCEB819EE /* Pods_instagramUITests.framework */,
			);
			name = Frameworks;
			sourceTree = "<group>";
		};
/* End PBXGroup section */

/* Begin PBXNativeTarget section */
		AB0E3EB61F0305EA00E6601B /* instagram */ = {
			isa = PBXNativeTarget;
			buildConfigurationList = AB0E3EDF1F0305EA00E6601B /* Build configuration list for PBXNativeTarget "instagram" */;
			buildPhases = (
				67E8DA8D491D60D4F4667095 /* [CP] Check Pods Manifest.lock */,
				AB0E3EB31F0305EA00E6601B /* Sources */,
				AB0E3EB41F0305EA00E6601B /* Frameworks */,
				AB0E3EB51F0305EA00E6601B /* Resources */,
				7BAB2533CE0153408D06B291 /* [CP] Embed Pods Frameworks */,
				07E8E3E743B9183291EBA4E6 /* [CP] Copy Pods Resources */,
			);
			buildRules = (
			);
			dependencies = (
			);
			name = instagram;
			productName = instagram;
			productReference = AB0E3EB71F0305EA00E6601B /* instagram.app */;
			productType = "com.apple.product-type.application";
		};
		AB0E3ECA1F0305EA00E6601B /* instagramTests */ = {
			isa = PBXNativeTarget;
			buildConfigurationList = AB0E3EE21F0305EA00E6601B /* Build configuration list for PBXNativeTarget "instagramTests" */;
			buildPhases = (
				BE8ED129A2694AC974003D8C /* [CP] Check Pods Manifest.lock */,
				AB0E3EC71F0305EA00E6601B /* Sources */,
				AB0E3EC81F0305EA00E6601B /* Frameworks */,
				AB0E3EC91F0305EA00E6601B /* Resources */,
				2758A71668062D4C06B9EBD0 /* [CP] Embed Pods Frameworks */,
				783438B92098619046821E4C /* [CP] Copy Pods Resources */,
			);
			buildRules = (
			);
			dependencies = (
				AB0E3ECD1F0305EA00E6601B /* PBXTargetDependency */,
			);
			name = instagramTests;
			productName = instagramTests;
			productReference = AB0E3ECB1F0305EA00E6601B /* instagramTests.xctest */;
			productType = "com.apple.product-type.bundle.unit-test";
		};
		AB0E3ED51F0305EA00E6601B /* instagramUITests */ = {
			isa = PBXNativeTarget;
			buildConfigurationList = AB0E3EE51F0305EA00E6601B /* Build configuration list for PBXNativeTarget "instagramUITests" */;
			buildPhases = (
				0F3F22ADF13B22DE1A6F4C01 /* [CP] Check Pods Manifest.lock */,
				AB0E3ED21F0305EA00E6601B /* Sources */,
				AB0E3ED31F0305EA00E6601B /* Frameworks */,
				AB0E3ED41F0305EA00E6601B /* Resources */,
				E286D7411CDDF42BBD6A9D64 /* [CP] Embed Pods Frameworks */,
				477B7D2B535A8C1E0BFE7358 /* [CP] Copy Pods Resources */,
			);
			buildRules = (
			);
			dependencies = (
				AB0E3ED81F0305EA00E6601B /* PBXTargetDependency */,
			);
			name = instagramUITests;
			productName = instagramUITests;
			productReference = AB0E3ED61F0305EA00E6601B /* instagramUITests.xctest */;
			productType = "com.apple.product-type.bundle.ui-testing";
		};
/* End PBXNativeTarget section */

/* Begin PBXProject section */
		AB0E3EAF1F0305EA00E6601B /* Project object */ = {
			isa = PBXProject;
			attributes = {
				LastSwiftUpdateCheck = 0830;
				LastUpgradeCheck = 0830;
				ORGANIZATIONNAME = "Tiffany Madruga";
				TargetAttributes = {
					AB0E3EB61F0305EA00E6601B = {
						CreatedOnToolsVersion = 8.3.2;
						DevelopmentTeam = 9HHAY8NV6M;
						ProvisioningStyle = Automatic;
					};
					AB0E3ECA1F0305EA00E6601B = {
						CreatedOnToolsVersion = 8.3.2;
						ProvisioningStyle = Automatic;
						TestTargetID = AB0E3EB61F0305EA00E6601B;
					};
					AB0E3ED51F0305EA00E6601B = {
						CreatedOnToolsVersion = 8.3.2;
						ProvisioningStyle = Automatic;
						TestTargetID = AB0E3EB61F0305EA00E6601B;
					};
				};
			};
			buildConfigurationList = AB0E3EB21F0305EA00E6601B /* Build configuration list for PBXProject "instagram" */;
			compatibilityVersion = "Xcode 3.2";
			developmentRegion = English;
			hasScannedForEncodings = 0;
			knownRegions = (
				en,
				Base,
			);
			mainGroup = AB0E3EAE1F0305EA00E6601B;
			productRefGroup = AB0E3EB81F0305EA00E6601B /* Products */;
			projectDirPath = "";
			projectRoot = "";
			targets = (
				AB0E3EB61F0305EA00E6601B /* instagram */,
				AB0E3ECA1F0305EA00E6601B /* instagramTests */,
				AB0E3ED51F0305EA00E6601B /* instagramUITests */,
			);
		};
/* End PBXProject section */

/* Begin PBXResourcesBuildPhase section */
		AB0E3EB51F0305EA00E6601B /* Resources */ = {
			isa = PBXResourcesBuildPhase;
			buildActionMask = 2147483647;
			files = (
				AB0E3EC51F0305EA00E6601B /* LaunchScreen.storyboard in Resources */,
				AB0E3EC21F0305EA00E6601B /* Assets.xcassets in Resources */,
				AB0E3EC01F0305EA00E6601B /* Main.storyboard in Resources */,
			);
			runOnlyForDeploymentPostprocessing = 0;
		};
		AB0E3EC91F0305EA00E6601B /* Resources */ = {
			isa = PBXResourcesBuildPhase;
			buildActionMask = 2147483647;
			files = (
			);
			runOnlyForDeploymentPostprocessing = 0;
		};
		AB0E3ED41F0305EA00E6601B /* Resources */ = {
			isa = PBXResourcesBuildPhase;
			buildActionMask = 2147483647;
			files = (
			);
			runOnlyForDeploymentPostprocessing = 0;
		};
/* End PBXResourcesBuildPhase section */

/* Begin PBXShellScriptBuildPhase section */
		07E8E3E743B9183291EBA4E6 /* [CP] Copy Pods Resources */ = {
			isa = PBXShellScriptBuildPhase;
			buildActionMask = 2147483647;
			files = (
			);
			inputPaths = (
			);
			name = "[CP] Copy Pods Resources";
			outputPaths = (
			);
			runOnlyForDeploymentPostprocessing = 0;
			shellPath = /bin/sh;
			shellScript = "\"${SRCROOT}/Pods/Target Support Files/Pods-instagram/Pods-instagram-resources.sh\"\n";
			showEnvVarsInLog = 0;
		};
		0F3F22ADF13B22DE1A6F4C01 /* [CP] Check Pods Manifest.lock */ = {
			isa = PBXShellScriptBuildPhase;
			buildActionMask = 2147483647;
			files = (
			);
			inputPaths = (
			);
			name = "[CP] Check Pods Manifest.lock";
			outputPaths = (
			);
			runOnlyForDeploymentPostprocessing = 0;
			shellPath = /bin/sh;
			shellScript = "diff \"${PODS_PODFILE_DIR_PATH}/Podfile.lock\" \"${PODS_ROOT}/Manifest.lock\" > /dev/null\nif [ $? != 0 ] ; then\n    # print error to STDERR\n    echo \"error: The sandbox is not in sync with the Podfile.lock. Run 'pod install' or update your CocoaPods installation.\" >&2\n    exit 1\nfi\n";
			showEnvVarsInLog = 0;
		};
		2758A71668062D4C06B9EBD0 /* [CP] Embed Pods Frameworks */ = {
			isa = PBXShellScriptBuildPhase;
			buildActionMask = 2147483647;
			files = (
			);
			inputPaths = (
			);
			name = "[CP] Embed Pods Frameworks";
			outputPaths = (
			);
			runOnlyForDeploymentPostprocessing = 0;
			shellPath = /bin/sh;
			shellScript = "\"${SRCROOT}/Pods/Target Support Files/Pods-instagramTests/Pods-instagramTests-frameworks.sh\"\n";
			showEnvVarsInLog = 0;
		};
		477B7D2B535A8C1E0BFE7358 /* [CP] Copy Pods Resources */ = {
			isa = PBXShellScriptBuildPhase;
			buildActionMask = 2147483647;
			files = (
			);
			inputPaths = (
			);
			name = "[CP] Copy Pods Resources";
			outputPaths = (
			);
			runOnlyForDeploymentPostprocessing = 0;
			shellPath = /bin/sh;
			shellScript = "\"${SRCROOT}/Pods/Target Support Files/Pods-instagramUITests/Pods-instagramUITests-resources.sh\"\n";
			showEnvVarsInLog = 0;
		};
		67E8DA8D491D60D4F4667095 /* [CP] Check Pods Manifest.lock */ = {
			isa = PBXShellScriptBuildPhase;
			buildActionMask = 2147483647;
			files = (
			);
			inputPaths = (
			);
			name = "[CP] Check Pods Manifest.lock";
			outputPaths = (
			);
			runOnlyForDeploymentPostprocessing = 0;
			shellPath = /bin/sh;
			shellScript = "diff \"${PODS_PODFILE_DIR_PATH}/Podfile.lock\" \"${PODS_ROOT}/Manifest.lock\" > /dev/null\nif [ $? != 0 ] ; then\n    # print error to STDERR\n    echo \"error: The sandbox is not in sync with the Podfile.lock. Run 'pod install' or update your CocoaPods installation.\" >&2\n    exit 1\nfi\n";
			showEnvVarsInLog = 0;
		};
		783438B92098619046821E4C /* [CP] Copy Pods Resources */ = {
			isa = PBXShellScriptBuildPhase;
			buildActionMask = 2147483647;
			files = (
			);
			inputPaths = (
			);
			name = "[CP] Copy Pods Resources";
			outputPaths = (
			);
			runOnlyForDeploymentPostprocessing = 0;
			shellPath = /bin/sh;
			shellScript = "\"${SRCROOT}/Pods/Target Support Files/Pods-instagramTests/Pods-instagramTests-resources.sh\"\n";
			showEnvVarsInLog = 0;
		};
		7BAB2533CE0153408D06B291 /* [CP] Embed Pods Frameworks */ = {
			isa = PBXShellScriptBuildPhase;
			buildActionMask = 2147483647;
			files = (
			);
			inputPaths = (
			);
			name = "[CP] Embed Pods Frameworks";
			outputPaths = (
			);
			runOnlyForDeploymentPostprocessing = 0;
			shellPath = /bin/sh;
			shellScript = "\"${SRCROOT}/Pods/Target Support Files/Pods-instagram/Pods-instagram-frameworks.sh\"\n";
			showEnvVarsInLog = 0;
		};
		BE8ED129A2694AC974003D8C /* [CP] Check Pods Manifest.lock */ = {
			isa = PBXShellScriptBuildPhase;
			buildActionMask = 2147483647;
			files = (
			);
			inputPaths = (
			);
			name = "[CP] Check Pods Manifest.lock";
			outputPaths = (
			);
			runOnlyForDeploymentPostprocessing = 0;
			shellPath = /bin/sh;
			shellScript = "diff \"${PODS_PODFILE_DIR_PATH}/Podfile.lock\" \"${PODS_ROOT}/Manifest.lock\" > /dev/null\nif [ $? != 0 ] ; then\n    # print error to STDERR\n    echo \"error: The sandbox is not in sync with the Podfile.lock. Run 'pod install' or update your CocoaPods installation.\" >&2\n    exit 1\nfi\n";
			showEnvVarsInLog = 0;
		};
		E286D7411CDDF42BBD6A9D64 /* [CP] Embed Pods Frameworks */ = {
			isa = PBXShellScriptBuildPhase;
			buildActionMask = 2147483647;
			files = (
			);
			inputPaths = (
			);
			name = "[CP] Embed Pods Frameworks";
			outputPaths = (
			);
			runOnlyForDeploymentPostprocessing = 0;
			shellPath = /bin/sh;
			shellScript = "\"${SRCROOT}/Pods/Target Support Files/Pods-instagramUITests/Pods-instagramUITests-frameworks.sh\"\n";
			showEnvVarsInLog = 0;
		};
/* End PBXShellScriptBuildPhase section */

/* Begin PBXSourcesBuildPhase section */
		AB0E3EB31F0305EA00E6601B /* Sources */ = {
			isa = PBXSourcesBuildPhase;
			buildActionMask = 2147483647;
			files = (
				AB66098F1F05791E0025818D /* DetailViewController.swift in Sources */,
				AB0E3EE91F03096900E6601B /* LoginViewController.swift in Sources */,
				AB0E3EBD1F0305EA00E6601B /* ViewController.swift in Sources */,
				AB0E3EEC1F03190C00E6601B /* FeedViewController.swift in Sources */,
				AB0E3EBB1F0305EA00E6601B /* AppDelegate.swift in Sources */,
				AB0E3EEE1F032D0100E6601B /* Post.swift in Sources */,
				ABB91FAA1F05D8AC00B0A916 /* ProfileViewController.swift in Sources */,
				AB0E3EF01F032EBC00E6601B /* NewPostViewController.swift in Sources */,
				ABFC5B251F045CAF00E8B1EA /* InstaCell.swift in Sources */,
				ABB91FAE1F061D2E00B0A916 /* profileCell.swift in Sources */,
			);
			runOnlyForDeploymentPostprocessing = 0;
		};
		AB0E3EC71F0305EA00E6601B /* Sources */ = {
			isa = PBXSourcesBuildPhase;
			buildActionMask = 2147483647;
			files = (
				AB0E3ED01F0305EA00E6601B /* instagramTests.swift in Sources */,
			);
			runOnlyForDeploymentPostprocessing = 0;
		};
		AB0E3ED21F0305EA00E6601B /* Sources */ = {
			isa = PBXSourcesBuildPhase;
			buildActionMask = 2147483647;
			files = (
				AB0E3EDB1F0305EA00E6601B /* instagramUITests.swift in Sources */,
			);
			runOnlyForDeploymentPostprocessing = 0;
		};
/* End PBXSourcesBuildPhase section */

/* Begin PBXTargetDependency section */
		AB0E3ECD1F0305EA00E6601B /* PBXTargetDependency */ = {
			isa = PBXTargetDependency;
			target = AB0E3EB61F0305EA00E6601B /* instagram */;
			targetProxy = AB0E3ECC1F0305EA00E6601B /* PBXContainerItemProxy */;
		};
		AB0E3ED81F0305EA00E6601B /* PBXTargetDependency */ = {
			isa = PBXTargetDependency;
			target = AB0E3EB61F0305EA00E6601B /* instagram */;
			targetProxy = AB0E3ED71F0305EA00E6601B /* PBXContainerItemProxy */;
		};
/* End PBXTargetDependency section */

/* Begin PBXVariantGroup section */
		AB0E3EBE1F0305EA00E6601B /* Main.storyboard */ = {
			isa = PBXVariantGroup;
			children = (
				AB0E3EBF1F0305EA00E6601B /* Base */,
			);
			name = Main.storyboard;
			sourceTree = "<group>";
		};
		AB0E3EC31F0305EA00E6601B /* LaunchScreen.storyboard */ = {
			isa = PBXVariantGroup;
			children = (
				AB0E3EC41F0305EA00E6601B /* Base */,
			);
			name = LaunchScreen.storyboard;
			sourceTree = "<group>";
		};
/* End PBXVariantGroup section */

/* Begin XCBuildConfiguration section */
		AB0E3EDD1F0305EA00E6601B /* Debug */ = {
			isa = XCBuildConfiguration;
			buildSettings = {
				ALWAYS_SEARCH_USER_PATHS = NO;
				CLANG_ANALYZER_NONNULL = YES;
				CLANG_ANALYZER_NUMBER_OBJECT_CONVERSION = YES_AGGRESSIVE;
				CLANG_CXX_LANGUAGE_STANDARD = "gnu++0x";
				CLANG_CXX_LIBRARY = "libc++";
				CLANG_ENABLE_MODULES = YES;
				CLANG_ENABLE_OBJC_ARC = YES;
				CLANG_WARN_BOOL_CONVERSION = YES;
				CLANG_WARN_CONSTANT_CONVERSION = YES;
				CLANG_WARN_DIRECT_OBJC_ISA_USAGE = YES_ERROR;
				CLANG_WARN_DOCUMENTATION_COMMENTS = YES;
				CLANG_WARN_EMPTY_BODY = YES;
				CLANG_WARN_ENUM_CONVERSION = YES;
				CLANG_WARN_INFINITE_RECURSION = YES;
				CLANG_WARN_INT_CONVERSION = YES;
				CLANG_WARN_OBJC_ROOT_CLASS = YES_ERROR;
				CLANG_WARN_SUSPICIOUS_MOVE = YES;
				CLANG_WARN_UNREACHABLE_CODE = YES;
				CLANG_WARN__DUPLICATE_METHOD_MATCH = YES;
				"CODE_SIGN_IDENTITY[sdk=iphoneos*]" = "iPhone Developer";
				COPY_PHASE_STRIP = NO;
				DEBUG_INFORMATION_FORMAT = dwarf;
				ENABLE_STRICT_OBJC_MSGSEND = YES;
				ENABLE_TESTABILITY = YES;
				GCC_C_LANGUAGE_STANDARD = gnu99;
				GCC_DYNAMIC_NO_PIC = NO;
				GCC_NO_COMMON_BLOCKS = YES;
				GCC_OPTIMIZATION_LEVEL = 0;
				GCC_PREPROCESSOR_DEFINITIONS = (
					"DEBUG=1",
					"$(inherited)",
				);
				GCC_WARN_64_TO_32_BIT_CONVERSION = YES;
				GCC_WARN_ABOUT_RETURN_TYPE = YES_ERROR;
				GCC_WARN_UNDECLARED_SELECTOR = YES;
				GCC_WARN_UNINITIALIZED_AUTOS = YES_AGGRESSIVE;
				GCC_WARN_UNUSED_FUNCTION = YES;
				GCC_WARN_UNUSED_VARIABLE = YES;
				IPHONEOS_DEPLOYMENT_TARGET = 10.3;
				MTL_ENABLE_DEBUG_INFO = YES;
				ONLY_ACTIVE_ARCH = YES;
				SDKROOT = iphoneos;
				SWIFT_ACTIVE_COMPILATION_CONDITIONS = DEBUG;
				SWIFT_OPTIMIZATION_LEVEL = "-Onone";
				TARGETED_DEVICE_FAMILY = "1,2";
			};
			name = Debug;
		};
		AB0E3EDE1F0305EA00E6601B /* Release */ = {
			isa = XCBuildConfiguration;
			buildSettings = {
				ALWAYS_SEARCH_USER_PATHS = NO;
				CLANG_ANALYZER_NONNULL = YES;
				CLANG_ANALYZER_NUMBER_OBJECT_CONVERSION = YES_AGGRESSIVE;
				CLANG_CXX_LANGUAGE_STANDARD = "gnu++0x";
				CLANG_CXX_LIBRARY = "libc++";
				CLANG_ENABLE_MODULES = YES;
				CLANG_ENABLE_OBJC_ARC = YES;
				CLANG_WARN_BOOL_CONVERSION = YES;
				CLANG_WARN_CONSTANT_CONVERSION = YES;
				CLANG_WARN_DIRECT_OBJC_ISA_USAGE = YES_ERROR;
				CLANG_WARN_DOCUMENTATION_COMMENTS = YES;
				CLANG_WARN_EMPTY_BODY = YES;
				CLANG_WARN_ENUM_CONVERSION = YES;
				CLANG_WARN_INFINITE_RECURSION = YES;
				CLANG_WARN_INT_CONVERSION = YES;
				CLANG_WARN_OBJC_ROOT_CLASS = YES_ERROR;
				CLANG_WARN_SUSPICIOUS_MOVE = YES;
				CLANG_WARN_UNREACHABLE_CODE = YES;
				CLANG_WARN__DUPLICATE_METHOD_MATCH = YES;
				"CODE_SIGN_IDENTITY[sdk=iphoneos*]" = "iPhone Developer";
				COPY_PHASE_STRIP = NO;
				DEBUG_INFORMATION_FORMAT = "dwarf-with-dsym";
				ENABLE_NS_ASSERTIONS = NO;
				ENABLE_STRICT_OBJC_MSGSEND = YES;
				GCC_C_LANGUAGE_STANDARD = gnu99;
				GCC_NO_COMMON_BLOCKS = YES;
				GCC_WARN_64_TO_32_BIT_CONVERSION = YES;
				GCC_WARN_ABOUT_RETURN_TYPE = YES_ERROR;
				GCC_WARN_UNDECLARED_SELECTOR = YES;
				GCC_WARN_UNINITIALIZED_AUTOS = YES_AGGRESSIVE;
				GCC_WARN_UNUSED_FUNCTION = YES;
				GCC_WARN_UNUSED_VARIABLE = YES;
				IPHONEOS_DEPLOYMENT_TARGET = 10.3;
				MTL_ENABLE_DEBUG_INFO = NO;
				SDKROOT = iphoneos;
				SWIFT_OPTIMIZATION_LEVEL = "-Owholemodule";
				TARGETED_DEVICE_FAMILY = "1,2";
				VALIDATE_PRODUCT = YES;
			};
			name = Release;
		};
		AB0E3EE01F0305EA00E6601B /* Debug */ = {
			isa = XCBuildConfiguration;
			baseConfigurationReference = 1BA4F7DE9C0BAFE95D02DED4 /* Pods-instagram.debug.xcconfig */;
			buildSettings = {
				ASSETCATALOG_COMPILER_APPICON_NAME = AppIcon;
				DEVELOPMENT_TEAM = 9HHAY8NV6M;
				INFOPLIST_FILE = instagram/Info.plist;
				LD_RUNPATH_SEARCH_PATHS = "$(inherited) @executable_path/Frameworks";
				PRODUCT_BUNDLE_IDENTIFIER = com.tiffany.instagram;
				PRODUCT_NAME = "$(TARGET_NAME)";
				SWIFT_VERSION = 3.0;
			};
			name = Debug;
		};
		AB0E3EE11F0305EA00E6601B /* Release */ = {
			isa = XCBuildConfiguration;
			baseConfigurationReference = 77742A22C74B77CEA6677DC3 /* Pods-instagram.release.xcconfig */;
			buildSettings = {
				ASSETCATALOG_COMPILER_APPICON_NAME = AppIcon;
				DEVELOPMENT_TEAM = 9HHAY8NV6M;
				INFOPLIST_FILE = instagram/Info.plist;
				LD_RUNPATH_SEARCH_PATHS = "$(inherited) @executable_path/Frameworks";
				PRODUCT_BUNDLE_IDENTIFIER = com.tiffany.instagram;
				PRODUCT_NAME = "$(TARGET_NAME)";
				SWIFT_VERSION = 3.0;
			};
			name = Release;
		};
		AB0E3EE31F0305EA00E6601B /* Debug */ = {
			isa = XCBuildConfiguration;
			baseConfigurationReference = A0CBF7ECA9FE1469F476E116 /* Pods-instagramTests.debug.xcconfig */;
			buildSettings = {
				ALWAYS_EMBED_SWIFT_STANDARD_LIBRARIES = YES;
				BUNDLE_LOADER = "$(TEST_HOST)";
				INFOPLIST_FILE = instagramTests/Info.plist;
				LD_RUNPATH_SEARCH_PATHS = "$(inherited) @executable_path/Frameworks @loader_path/Frameworks";
				PRODUCT_BUNDLE_IDENTIFIER = com.tiffany.instagramTests;
				PRODUCT_NAME = "$(TARGET_NAME)";
				SWIFT_VERSION = 3.0;
				TEST_HOST = "$(BUILT_PRODUCTS_DIR)/instagram.app/instagram";
			};
			name = Debug;
		};
		AB0E3EE41F0305EA00E6601B /* Release */ = {
			isa = XCBuildConfiguration;
			baseConfigurationReference = DB8966715B41F1DFCF346D5D /* Pods-instagramTests.release.xcconfig */;
			buildSettings = {
				ALWAYS_EMBED_SWIFT_STANDARD_LIBRARIES = YES;
				BUNDLE_LOADER = "$(TEST_HOST)";
				INFOPLIST_FILE = instagramTests/Info.plist;
				LD_RUNPATH_SEARCH_PATHS = "$(inherited) @executable_path/Frameworks @loader_path/Frameworks";
				PRODUCT_BUNDLE_IDENTIFIER = com.tiffany.instagramTests;
				PRODUCT_NAME = "$(TARGET_NAME)";
				SWIFT_VERSION = 3.0;
				TEST_HOST = "$(BUILT_PRODUCTS_DIR)/instagram.app/instagram";
			};
			name = Release;
		};
		AB0E3EE61F0305EA00E6601B /* Debug */ = {
			isa = XCBuildConfiguration;
			baseConfigurationReference = 586AEBCEC831C653F4D52E6C /* Pods-instagramUITests.debug.xcconfig */;
			buildSettings = {
				ALWAYS_EMBED_SWIFT_STANDARD_LIBRARIES = YES;
				INFOPLIST_FILE = instagramUITests/Info.plist;
				LD_RUNPATH_SEARCH_PATHS = "$(inherited) @executable_path/Frameworks @loader_path/Frameworks";
				PRODUCT_BUNDLE_IDENTIFIER = com.tiffany.instagramUITests;
				PRODUCT_NAME = "$(TARGET_NAME)";
				SWIFT_VERSION = 3.0;
				TEST_TARGET_NAME = instagram;
			};
			name = Debug;
		};
		AB0E3EE71F0305EA00E6601B /* Release */ = {
			isa = XCBuildConfiguration;
			baseConfigurationReference = 05D5BD569FC294B5E05A96FA /* Pods-instagramUITests.release.xcconfig */;
			buildSettings = {
				ALWAYS_EMBED_SWIFT_STANDARD_LIBRARIES = YES;
				INFOPLIST_FILE = instagramUITests/Info.plist;
				LD_RUNPATH_SEARCH_PATHS = "$(inherited) @executable_path/Frameworks @loader_path/Frameworks";
				PRODUCT_BUNDLE_IDENTIFIER = com.tiffany.instagramUITests;
				PRODUCT_NAME = "$(TARGET_NAME)";
				SWIFT_VERSION = 3.0;
				TEST_TARGET_NAME = instagram;
			};
			name = Release;
		};
/* End XCBuildConfiguration section */

/* Begin XCConfigurationList section */
		AB0E3EB21F0305EA00E6601B /* Build configuration list for PBXProject "instagram" */ = {
			isa = XCConfigurationList;
			buildConfigurations = (
				AB0E3EDD1F0305EA00E6601B /* Debug */,
				AB0E3EDE1F0305EA00E6601B /* Release */,
			);
			defaultConfigurationIsVisible = 0;
			defaultConfigurationName = Release;
		};
		AB0E3EDF1F0305EA00E6601B /* Build configuration list for PBXNativeTarget "instagram" */ = {
			isa = XCConfigurationList;
			buildConfigurations = (
				AB0E3EE01F0305EA00E6601B /* Debug */,
				AB0E3EE11F0305EA00E6601B /* Release */,
			);
			defaultConfigurationIsVisible = 0;
			defaultConfigurationName = Release;
		};
		AB0E3EE21F0305EA00E6601B /* Build configuration list for PBXNativeTarget "instagramTests" */ = {
			isa = XCConfigurationList;
			buildConfigurations = (
				AB0E3EE31F0305EA00E6601B /* Debug */,
				AB0E3EE41F0305EA00E6601B /* Release */,
			);
			defaultConfigurationIsVisible = 0;
			defaultConfigurationName = Release;
		};
		AB0E3EE51F0305EA00E6601B /* Build configuration list for PBXNativeTarget "instagramUITests" */ = {
			isa = XCConfigurationList;
			buildConfigurations = (
				AB0E3EE61F0305EA00E6601B /* Debug */,
				AB0E3EE71F0305EA00E6601B /* Release */,
			);
			defaultConfigurationIsVisible = 0;
			defaultConfigurationName = Release;
		};
/* End XCConfigurationList section */
	};
	rootObject = AB0E3EAF1F0305EA00E6601B /* Project object */;
}
